
Microsoft Visual Studio Solution File, Format Version 12.00
# Visual Studio Version 17
VisualStudioVersion = 17.11.35303.130
MinimumVisualStudioVersion = 10.0.40219.1
Project("{FAE04EC0-301F-11D3-BF4B-00C04F79EFBC}") = "CodingTech", "CodingTech.csproj", "{7A5EE53C-C3C5-4C7E-A4FF-0ED19696C38A}"
EndProject
Global
	GlobalSection(SolutionConfigurationPlatforms) = preSolution
		Debug|Any CPU = Debug|Any CPU
		Release|Any CPU = Release|Any CPU
	EndGlobalSection
	GlobalSection(ProjectConfigurationPlatforms) = postSolution
		{7A5EE53C-C3C5-4C7E-A4FF-0ED19696C38A}.Debug|Any CPU.ActiveCfg = Debug|Any CPU
		{7A5EE53C-C3C5-4C7E-A4FF-0ED19696C38A}.Debug|Any CPU.Build.0 = Debug|Any CPU
		{7A5EE53C-C3C5-4C7E-A4FF-0ED19696C38A}.Release|Any CPU.ActiveCfg = Release|Any CPU
		{7A5EE53C-C3C5-4C7E-A4FF-0ED19696C38A}.Release|Any CPU.Build.0 = Release|Any CPU
	EndGlobalSection
	GlobalSection(SolutionProperties) = preSolution
		HideSolutionNode = FALSE
	EndGlobalSection
	GlobalSection(ExtensibilityGlobals) = postSolution
		SolutionGuid = {34540145-4617-4193-B7E0-254428D40D90}
	EndGlobalSection
EndGlobal
